
Microsoft Visual Studio Solution File, Format Version 12.00
# Visual Studio Version 17
VisualStudioVersion = 17.13.35825.156 d17.13
MinimumVisualStudioVersion = 10.0.40219.1
Project("{FAE04EC0-301F-11D3-BF4B-00C04F79EFBC}") = "SimpleFormsAppWithComboBox", "SimpleFormsAppWithComboBox\SimpleFormsAppWithComboBox.csproj", "{654F38B0-99F2-4E0E-9844-D7A1E10486F9}"
EndProject
Global
	GlobalSection(SolutionConfigurationPlatforms) = preSolution
		Debug|Any CPU = Debug|Any CPU
		Release|Any CPU = Release|Any CPU
	EndGlobalSection
	GlobalSection(ProjectConfigurationPlatforms) = postSolution
		{654F38B0-99F2-4E0E-9844-D7A1E10486F9}.Debug|Any CPU.ActiveCfg = Debug|Any CPU
		{654F38B0-99F2-4E0E-9844-D7A1E10486F9}.Debug|Any CPU.Build.0 = Debug|Any CPU
		{654F38B0-99F2-4E0E-9844-D7A1E10486F9}.Release|Any CPU.ActiveCfg = Release|Any CPU
		{654F38B0-99F2-4E0E-9844-D7A1E10486F9}.Release|Any CPU.Build.0 = Release|Any CPU
	EndGlobalSection
	GlobalSection(SolutionProperties) = preSolution
		HideSolutionNode = FALSE
	EndGlobalSection
	GlobalSection(ExtensibilityGlobals) = postSolution
		SolutionGuid = {35A6BA89-EC07-4C82-8169-38C407C1B36F}
	EndGlobalSection
EndGlobal
