
Microsoft Visual Studio Solution File, Format Version 12.00
# Visual Studio Version 17
VisualStudioVersion = 17.13.35825.156 d17.13
MinimumVisualStudioVersion = 10.0.40219.1
Project("{FAE04EC0-301F-11D3-BF4B-00C04F79EFBC}") = "WinFormsApp1", "WinFormsApp1\WinFormsApp1.csproj", "{1EF32906-7E9F-4181-9782-F492383034E7}"
EndProject
Global
	GlobalSection(SolutionConfigurationPlatforms) = preSolution
		Debug|Any CPU = Debug|Any CPU
		Release|Any CPU = Release|Any CPU
	EndGlobalSection
	GlobalSection(ProjectConfigurationPlatforms) = postSolution
		{1EF32906-7E9F-4181-9782-F492383034E7}.Debug|Any CPU.ActiveCfg = Debug|Any CPU
		{1EF32906-7E9F-4181-9782-F492383034E7}.Debug|Any CPU.Build.0 = Debug|Any CPU
		{1EF32906-7E9F-4181-9782-F492383034E7}.Release|Any CPU.ActiveCfg = Release|Any CPU
		{1EF32906-7E9F-4181-9782-F492383034E7}.Release|Any CPU.Build.0 = Release|Any CPU
	EndGlobalSection
	GlobalSection(SolutionProperties) = preSolution
		HideSolutionNode = FALSE
	EndGlobalSection
	GlobalSection(ExtensibilityGlobals) = postSolution
		SolutionGuid = {7204BB5E-9B67-46A2-BE50-37D74194B7E0}
	EndGlobalSection
EndGlobal
